<?xml version="1.0" encoding="utf-8"?>
<Project ToolsVersion="4.0" xmlns="http://schemas.microsoft.com/developer/msbuild/2003">
  <ItemGroup>
    <Filter Include="src">
      <UniqueIdentifier>{8CDEE807-BC53-E450-C8B8-4DEBB66742D4}</UniqueIdentifier>
    </Filter>
    <Filter Include="src\primitives">
      <UniqueIdentifier>{1B6C148C-6E64-09B5-DF4F-9752B1742554}</UniqueIdentifier>
    </Filter>
    <Filter Include="src">
      <UniqueIdentifier>{8CDEE807-BC53-E450-C8B8-4DEBB66742D4}</UniqueIdentifier>
    </Filter>
    <Filter Include="src\primitives">
      <UniqueIdentifier>{1B6C148C-6E64-09B5-DF4F-9752B1742554}</UniqueIdentifier>
    </Filter>
    <Filter Include="src">
      <UniqueIdentifier>{8CDEE807-BC53-E450-C8B8-4DEBB66742D4}</UniqueIdentifier>
    </Filter>
    <Filter Include="src\primitives">
      <UniqueIdentifier>{1B6C148C-6E64-09B5-DF4F-9752B1742554}</UniqueIdentifier>
    </Filter>
    <Filter Include="src">
      <UniqueIdentifier>{8CDEE807-BC53-E450-C8B8-4DEBB66742D4}</UniqueIdentifier>
    </Filter>
    <Filter Include="src">
      <UniqueIdentifier>{8CDEE807-BC53-E450-C8B8-4DEBB66742D4}</UniqueIdentifier>
    </Filter>
    <Filter Include="src">
      <UniqueIdentifier>{8CDEE807-BC53-E450-C8B8-4DEBB66742D4}</UniqueIdentifier>
    </Filter>
    <Filter Include="src">
      <UniqueIdentifier>{8CDEE807-BC53-E450-C8B8-4DEBB66742D4}</UniqueIdentifier>
    </Filter>
    <Filter Include="src">
      <UniqueIdentifier>{8CDEE807-BC53-E450-C8B8-4DEBB66742D4}</UniqueIdentifier>
    </Filter>
    <Filter Include="src">
      <UniqueIdentifier>{8CDEE807-BC53-E450-C8B8-4DEBB66742D4}</UniqueIdentifier>
    </Filter>
    <Filter Include="src">
      <UniqueIdentifier>{8CDEE807-BC53-E450-C8B8-4DEBB66742D4}</UniqueIdentifier>
    </Filter>
    <Filter Include="src\primitives">
      <UniqueIdentifier>{1B6C148C-6E64-09B5-DF4F-9752B1742554}</UniqueIdentifier>
    </Filter>
  </ItemGroup>
  <ItemGroup>
    <ClInclude Include="src\primitives\opa_emulated.h">
      <Filter>src\primitives</Filter>
    </ClInclude>
    <ClInclude Include="src\primitives\opa_nt_intrinics.h">
      <Filter>src\primitives</Filter>
    </ClInclude>
    <ClInclude Include="src\primitives\opa_gcc_intrinsics.h">
      <Filter>src\primitives</Filter>
    </ClInclude>
    <ClInclude Include="src\opa_config.h">
      <Filter>src</Filter>
    </ClInclude>
    <ClInclude Include="src\opa_primitives.h">
      <Filter>src</Filter>
    </ClInclude>
    <ClCompile Include="src\opa_primitives.c">
      <Filter>src</Filter>
    </ClCompile>
    <ClInclude Include="src\opa_util.h">
      <Filter>src</Filter>
    </ClInclude>
    <ClInclude Include="src\opa_queue.h">
      <Filter>src</Filter>
    </ClInclude>
    <ClCompile Include="src\opa_queue.c">
      <Filter>src</Filter>
    </ClCompile>
    <ClInclude Include="src\primitives\opa_nt_intrinsics.h">
      <Filter>src\primitives</Filter>
    </ClInclude>
    <None Include="openpa.gyp"/>
  </ItemGroup>
</Project>
