Microsoft Visual Studio Solution File, Format Version 12.00
# Visual Studio 2015
Project("{8BC9CEB8-8B4A-11D0-8D11-00A0C91BC942}") = "openpa", "openpa.vcxproj", "{59BCD980-2FBA-0987-D4C5-76707C3607BC}"
EndProject
Global
	GlobalSection(SolutionConfigurationPlatforms) = preSolution
		Default|Win32 = Default|Win32
	EndGlobalSection
	GlobalSection(ProjectConfigurationPlatforms) = postSolution
		{59BCD980-2FBA-0987-D4C5-76707C3607BC}.Default|Win32.ActiveCfg = Default|Win32
		{59BCD980-2FBA-0987-D4C5-76707C3607BC}.Default|Win32.Build.0 = Default|Win32
	EndGlobalSection
	GlobalSection(SolutionProperties) = preSolution
		HideSolutionNode = FALSE
	EndGlobalSection
EndGlobal
